// !$*UTF8*$!
{
	archiveVersion = 1;
	classes = {
	};
	objectVersion = 50;
	objects = {

/* Begin PBXBuildFile section */
		C2E8ADB221E3059500404BF5 /* AppDelegate.swift in Sources */ = {isa = PBXBuildFile; fileRef = C2E8ADB121E3059500404BF5 /* AppDelegate.swift */; };
		C2E8ADB421E3059500404BF5 /* PlayVideoViewController.swift in Sources */ = {isa = PBXBuildFile; fileRef = C2E8ADB321E3059500404BF5 /* PlayVideoViewController.swift */; };
		C2E8ADB721E3059500404BF5 /* Main.storyboard in Resources */ = {isa = PBXBuildFile; fileRef = C2E8ADB521E3059500404BF5 /* Main.storyboard */; };
		C2E8ADB921E3059600404BF5 /* Assets.xcassets in Resources */ = {isa = PBXBuildFile; fileRef = C2E8ADB821E3059600404BF5 /* Assets.xcassets */; };
		C2E8ADBC21E3059600404BF5 /* LaunchScreen.storyboard in Resources */ = {isa = PBXBuildFile; fileRef = C2E8ADBA21E3059600404BF5 /* LaunchScreen.storyboard */; };
		C2E8ADC721E3059600404BF5 /* VideoTrimmerTests.swift in Sources */ = {isa = PBXBuildFile; fileRef = C2E8ADC621E3059600404BF5 /* VideoTrimmerTests.swift */; };
		C2E8ADD221E305AF00404BF5 /* TrimmerView.swift in Sources */ = {isa = PBXBuildFile; fileRef = C2E8ADD121E305AF00404BF5 /* TrimmerView.swift */; };
		C2E8ADD621E318C100404BF5 /* AssetVideoThumbnailScrollView.swift in Sources */ = {isa = PBXBuildFile; fileRef = C2E8ADD521E318C100404BF5 /* AssetVideoThumbnailScrollView.swift */; };
		C2E8ADD821E32F4B00404BF5 /* VideoHelper.swift in Sources */ = {isa = PBXBuildFile; fileRef = C2E8ADD721E32F4B00404BF5 /* VideoHelper.swift */; };
/* End PBXBuildFile section */

/* Begin PBXContainerItemProxy section */
		C2E8ADC321E3059600404BF5 /* PBXContainerItemProxy */ = {
			isa = PBXContainerItemProxy;
			containerPortal = C2E8ADA621E3059500404BF5 /* Project object */;
			proxyType = 1;
			remoteGlobalIDString = C2E8ADAD21E3059500404BF5;
			remoteInfo = VideoTrimmer;
		};
/* End PBXContainerItemProxy section */

/* Begin PBXFileReference section */
		C2E8ADAE21E3059500404BF5 /* VideoTrimmer.app */ = {isa = PBXFileReference; explicitFileType = wrapper.application; includeInIndex = 0; path = VideoTrimmer.app; sourceTree = BUILT_PRODUCTS_DIR; };
		C2E8ADB121E3059500404BF5 /* AppDelegate.swift */ = {isa = PBXFileReference; lastKnownFileType = sourcecode.swift; path = AppDelegate.swift; sourceTree = "<group>"; };
		C2E8ADB321E3059500404BF5 /* PlayVideoViewController.swift */ = {isa = PBXFileReference; lastKnownFileType = sourcecode.swift; path = PlayVideoViewController.swift; sourceTree = "<group>"; };
		C2E8ADB621E3059500404BF5 /* Base */ = {isa = PBXFileReference; lastKnownFileType = file.storyboard; name = Base; path = Base.lproj/Main.storyboard; sourceTree = "<group>"; };
		C2E8ADB821E3059600404BF5 /* Assets.xcassets */ = {isa = PBXFileReference; lastKnownFileType = folder.assetcatalog; path = Assets.xcassets; sourceTree = "<group>"; };
		C2E8ADBB21E3059600404BF5 /* Base */ = {isa = PBXFileReference; lastKnownFileType = file.storyboard; name = Base; path = Base.lproj/LaunchScreen.storyboard; sourceTree = "<group>"; };
		C2E8ADBD21E3059600404BF5 /* Info.plist */ = {isa = PBXFileReference; lastKnownFileType = text.plist.xml; path = Info.plist; sourceTree = "<group>"; };
		C2E8ADC221E3059600404BF5 /* VideoTrimmerTests.xctest */ = {isa = PBXFileReference; explicitFileType = wrapper.cfbundle; includeInIndex = 0; path = VideoTrimmerTests.xctest; sourceTree = BUILT_PRODUCTS_DIR; };
		C2E8ADC621E3059600404BF5 /* VideoTrimmerTests.swift */ = {isa = PBXFileReference; lastKnownFileType = sourcecode.swift; path = VideoTrimmerTests.swift; sourceTree = "<group>"; };
		C2E8ADC821E3059600404BF5 /* Info.plist */ = {isa = PBXFileReference; lastKnownFileType = text.plist.xml; path = Info.plist; sourceTree = "<group>"; };
		C2E8ADD121E305AF00404BF5 /* TrimmerView.swift */ = {isa = PBXFileReference; lastKnownFileType = sourcecode.swift; path = TrimmerView.swift; sourceTree = "<group>"; };
		C2E8ADD521E318C100404BF5 /* AssetVideoThumbnailScrollView.swift */ = {isa = PBXFileReference; lastKnownFileType = sourcecode.swift; path = AssetVideoThumbnailScrollView.swift; sourceTree = "<group>"; };
		C2E8ADD721E32F4B00404BF5 /* VideoHelper.swift */ = {isa = PBXFileReference; fileEncoding = 4; lastKnownFileType = sourcecode.swift; path = VideoHelper.swift; sourceTree = "<group>"; };
/* End PBXFileReference section */

/* Begin PBXFrameworksBuildPhase section */
		C2E8ADAB21E3059500404BF5 /* Frameworks */ = {
			isa = PBXFrameworksBuildPhase;
			buildActionMask = 2147483647;
			files = (
			);
			runOnlyForDeploymentPostprocessing = 0;
		};
		C2E8ADBF21E3059600404BF5 /* Frameworks */ = {
			isa = PBXFrameworksBuildPhase;
			buildActionMask = 2147483647;
			files = (
			);
			runOnlyForDeploymentPostprocessing = 0;
		};
/* End PBXFrameworksBuildPhase section */

/* Begin PBXGroup section */
		C2E8ADA521E3059500404BF5 = {
			isa = PBXGroup;
			children = (
				C2E8ADB021E3059500404BF5 /* VideoTrimmer */,
				C2E8ADC521E3059600404BF5 /* VideoTrimmerTests */,
				C2E8ADAF21E3059500404BF5 /* Products */,
			);
			sourceTree = "<group>";
		};
		C2E8ADAF21E3059500404BF5 /* Products */ = {
			isa = PBXGroup;
			children = (
				C2E8ADAE21E3059500404BF5 /* VideoTrimmer.app */,
				C2E8ADC221E3059600404BF5 /* VideoTrimmerTests.xctest */,
			);
			name = Products;
			sourceTree = "<group>";
		};
		C2E8ADB021E3059500404BF5 /* VideoTrimmer */ = {
			isa = PBXGroup;
			children = (
				C2E8ADB121E3059500404BF5 /* AppDelegate.swift */,
				C2E8ADB321E3059500404BF5 /* PlayVideoViewController.swift */,
				C2E8ADD121E305AF00404BF5 /* TrimmerView.swift */,
				C2E8ADD521E318C100404BF5 /* AssetVideoThumbnailScrollView.swift */,
				C2E8ADD721E32F4B00404BF5 /* VideoHelper.swift */,
				C2E8ADB521E3059500404BF5 /* Main.storyboard */,
				C2E8ADB821E3059600404BF5 /* Assets.xcassets */,
				C2E8ADBA21E3059600404BF5 /* LaunchScreen.storyboard */,
				C2E8ADBD21E3059600404BF5 /* Info.plist */,
			);
			path = VideoTrimmer;
			sourceTree = "<group>";
		};
		C2E8ADC521E3059600404BF5 /* VideoTrimmerTests */ = {
			isa = PBXGroup;
			children = (
				C2E8ADC621E3059600404BF5 /* VideoTrimmerTests.swift */,
				C2E8ADC821E3059600404BF5 /* Info.plist */,
			);
			path = VideoTrimmerTests;
			sourceTree = "<group>";
		};
/* End PBXGroup section */

/* Begin PBXNativeTarget section */
		C2E8ADAD21E3059500404BF5 /* VideoTrimmer */ = {
			isa = PBXNativeTarget;
			buildConfigurationList = C2E8ADCB21E3059600404BF5 /* Build configuration list for PBXNativeTarget "VideoTrimmer" */;
			buildPhases = (
				C2E8ADAA21E3059500404BF5 /* Sources */,
				C2E8ADAB21E3059500404BF5 /* Frameworks */,
				C2E8ADAC21E3059500404BF5 /* Resources */,
			);
			buildRules = (
			);
			dependencies = (
			);
			name = VideoTrimmer;
			productName = VideoTrimmer;
			productReference = C2E8ADAE21E3059500404BF5 /* VideoTrimmer.app */;
			productType = "com.apple.product-type.application";
		};
		C2E8ADC121E3059600404BF5 /* VideoTrimmerTests */ = {
			isa = PBXNativeTarget;
			buildConfigurationList = C2E8ADCE21E3059600404BF5 /* Build configuration list for PBXNativeTarget "VideoTrimmerTests" */;
			buildPhases = (
				C2E8ADBE21E3059600404BF5 /* Sources */,
				C2E8ADBF21E3059600404BF5 /* Frameworks */,
				C2E8ADC021E3059600404BF5 /* Resources */,
			);
			buildRules = (
			);
			dependencies = (
				C2E8ADC421E3059600404BF5 /* PBXTargetDependency */,
			);
			name = VideoTrimmerTests;
			productName = VideoTrimmerTests;
			productReference = C2E8ADC221E3059600404BF5 /* VideoTrimmerTests.xctest */;
			productType = "com.apple.product-type.bundle.unit-test";
		};
/* End PBXNativeTarget section */

/* Begin PBXProject section */
		C2E8ADA621E3059500404BF5 /* Project object */ = {
			isa = PBXProject;
			attributes = {
				LastSwiftUpdateCheck = 1010;
				LastUpgradeCheck = 1010;
				ORGANIZATIONNAME = kyle.jo;
				TargetAttributes = {
					C2E8ADAD21E3059500404BF5 = {
						CreatedOnToolsVersion = 10.1;
					};
					C2E8ADC121E3059600404BF5 = {
						CreatedOnToolsVersion = 10.1;
						TestTargetID = C2E8ADAD21E3059500404BF5;
					};
				};
			};
			buildConfigurationList = C2E8ADA921E3059500404BF5 /* Build configuration list for PBXProject "VideoTrimmer" */;
			compatibilityVersion = "Xcode 9.3";
			developmentRegion = en;
			hasScannedForEncodings = 0;
			knownRegions = (
				en,
				Base,
			);
			mainGroup = C2E8ADA521E3059500404BF5;
			productRefGroup = C2E8ADAF21E3059500404BF5 /* Products */;
			projectDirPath = "";
			projectRoot = "";
			targets = (
				C2E8ADAD21E3059500404BF5 /* VideoTrimmer */,
				C2E8ADC121E3059600404BF5 /* VideoTrimmerTests */,
			);
		};
/* End PBXProject section */

/* Begin PBXResourcesBuildPhase section */
		C2E8ADAC21E3059500404BF5 /* Resources */ = {
			isa = PBXResourcesBuildPhase;
			buildActionMask = 2147483647;
			files = (
				C2E8ADBC21E3059600404BF5 /* LaunchScreen.storyboard in Resources */,
				C2E8ADB921E3059600404BF5 /* Assets.xcassets in Resources */,
				C2E8ADB721E3059500404BF5 /* Main.storyboard in Resources */,
			);
			runOnlyForDeploymentPostprocessing = 0;
		};
		C2E8ADC021E3059600404BF5 /* Resources */ = {
			isa = PBXResourcesBuildPhase;
			buildActionMask = 2147483647;
			files = (
			);
			runOnlyForDeploymentPostprocessing = 0;
		};
/* End PBXResourcesBuildPhase section */

/* Begin PBXSourcesBuildPhase section */
		C2E8ADAA21E3059500404BF5 /* Sources */ = {
			isa = PBXSourcesBuildPhase;
			buildActionMask = 2147483647;
			files = (
				C2E8ADB421E3059500404BF5 /* PlayVideoViewController.swift in Sources */,
				C2E8ADB221E3059500404BF5 /* AppDelegate.swift in Sources */,
				C2E8ADD821E32F4B00404BF5 /* VideoHelper.swift in Sources */,
				C2E8ADD621E318C100404BF5 /* AssetVideoThumbnailScrollView.swift in Sources */,
				C2E8ADD221E305AF00404BF5 /* TrimmerView.swift in Sources */,
			);
			runOnlyForDeploymentPostprocessing = 0;
		};
		C2E8ADBE21E3059600404BF5 /* Sources */ = {
			isa = PBXSourcesBuildPhase;
			buildActionMask = 2147483647;
			files = (
				C2E8ADC721E3059600404BF5 /* VideoTrimmerTests.swift in Sources */,
			);
			runOnlyForDeploymentPostprocessing = 0;
		};
/* End PBXSourcesBuildPhase section */

/* Begin PBXTargetDependency section */
		C2E8ADC421E3059600404BF5 /* PBXTargetDependency */ = {
			isa = PBXTargetDependency;
			target = C2E8ADAD21E3059500404BF5 /* VideoTrimmer */;
			targetProxy = C2E8ADC321E3059600404BF5 /* PBXContainerItemProxy */;
		};
/* End PBXTargetDependency section */

/* Begin PBXVariantGroup section */
		C2E8ADB521E3059500404BF5 /* Main.storyboard */ = {
			isa = PBXVariantGroup;
			children = (
				C2E8ADB621E3059500404BF5 /* Base */,
			);
			name = Main.storyboard;
			sourceTree = "<group>";
		};
		C2E8ADBA21E3059600404BF5 /* LaunchScreen.storyboard */ = {
			isa = PBXVariantGroup;
			children = (
				C2E8ADBB21E3059600404BF5 /* Base */,
			);
			name = LaunchScreen.storyboard;
			sourceTree = "<group>";
		};
/* End PBXVariantGroup section */

/* Begin XCBuildConfiguration section */
		C2E8ADC921E3059600404BF5 /* Debug */ = {
			isa = XCBuildConfiguration;
			buildSettings = {
				ALWAYS_SEARCH_USER_PATHS = NO;
				CLANG_ANALYZER_NONNULL = YES;
				CLANG_ANALYZER_NUMBER_OBJECT_CONVERSION = YES_AGGRESSIVE;
				CLANG_CXX_LANGUAGE_STANDARD = "gnu++14";
				CLANG_CXX_LIBRARY = "libc++";
				CLANG_ENABLE_MODULES = YES;
				CLANG_ENABLE_OBJC_ARC = YES;
				CLANG_ENABLE_OBJC_WEAK = YES;
				CLANG_WARN_BLOCK_CAPTURE_AUTORELEASING = YES;
				CLANG_WARN_BOOL_CONVERSION = YES;
				CLANG_WARN_COMMA = YES;
				CLANG_WARN_CONSTANT_CONVERSION = YES;
				CLANG_WARN_DEPRECATED_OBJC_IMPLEMENTATIONS = YES;
				CLANG_WARN_DIRECT_OBJC_ISA_USAGE = YES_ERROR;
				CLANG_WARN_DOCUMENTATION_COMMENTS = YES;
				CLANG_WARN_EMPTY_BODY = YES;
				CLANG_WARN_ENUM_CONVERSION = YES;
				CLANG_WARN_INFINITE_RECURSION = YES;
				CLANG_WARN_INT_CONVERSION = YES;
				CLANG_WARN_NON_LITERAL_NULL_CONVERSION = YES;
				CLANG_WARN_OBJC_IMPLICIT_RETAIN_SELF = YES;
				CLANG_WARN_OBJC_LITERAL_CONVERSION = YES;
				CLANG_WARN_OBJC_ROOT_CLASS = YES_ERROR;
				CLANG_WARN_RANGE_LOOP_ANALYSIS = YES;
				CLANG_WARN_STRICT_PROTOTYPES = YES;
				CLANG_WARN_SUSPICIOUS_MOVE = YES;
				CLANG_WARN_UNGUARDED_AVAILABILITY = YES_AGGRESSIVE;
				CLANG_WARN_UNREACHABLE_CODE = YES;
				CLANG_WARN__DUPLICATE_METHOD_MATCH = YES;
				CODE_SIGN_IDENTITY = "iPhone Developer";
				COPY_PHASE_STRIP = NO;
				DEBUG_INFORMATION_FORMAT = dwarf;
				ENABLE_STRICT_OBJC_MSGSEND = YES;
				ENABLE_TESTABILITY = YES;
				GCC_C_LANGUAGE_STANDARD = gnu11;
				GCC_DYNAMIC_NO_PIC = NO;
				GCC_NO_COMMON_BLOCKS = YES;
				GCC_OPTIMIZATION_LEVEL = 0;
				GCC_PREPROCESSOR_DEFINITIONS = (
					"DEBUG=1",
					"$(inherited)",
				);
				GCC_WARN_64_TO_32_BIT_CONVERSION = YES;
				GCC_WARN_ABOUT_RETURN_TYPE = YES_ERROR;
				GCC_WARN_UNDECLARED_SELECTOR = YES;
				GCC_WARN_UNINITIALIZED_AUTOS = YES_AGGRESSIVE;
				GCC_WARN_UNUSED_FUNCTION = YES;
				GCC_WARN_UNUSED_VARIABLE = YES;
				IPHONEOS_DEPLOYMENT_TARGET = 12.1;
				MTL_ENABLE_DEBUG_INFO = INCLUDE_SOURCE;
				MTL_FAST_MATH = YES;
				ONLY_ACTIVE_ARCH = YES;
				SDKROOT = iphoneos;
				SWIFT_ACTIVE_COMPILATION_CONDITIONS = DEBUG;
				SWIFT_OPTIMIZATION_LEVEL = "-Onone";
			};
			name = Debug;
		};
		C2E8ADCA21E3059600404BF5 /* Release */ = {
			isa = XCBuildConfiguration;
			buildSettings = {
				ALWAYS_SEARCH_USER_PATHS = NO;
				CLANG_ANALYZER_NONNULL = YES;
				CLANG_ANALYZER_NUMBER_OBJECT_CONVERSION = YES_AGGRESSIVE;
				CLANG_CXX_LANGUAGE_STANDARD = "gnu++14";
				CLANG_CXX_LIBRARY = "libc++";
				CLANG_ENABLE_MODULES = YES;
				CLANG_ENABLE_OBJC_ARC = YES;
				CLANG_ENABLE_OBJC_WEAK = YES;
				CLANG_WARN_BLOCK_CAPTURE_AUTORELEASING = YES;
				CLANG_WARN_BOOL_CONVERSION = YES;
				CLANG_WARN_COMMA = YES;
				CLANG_WARN_CONSTANT_CONVERSION = YES;
				CLANG_WARN_DEPRECATED_OBJC_IMPLEMENTATIONS = YES;
				CLANG_WARN_DIRECT_OBJC_ISA_USAGE = YES_ERROR;
				CLANG_WARN_DOCUMENTATION_COMMENTS = YES;
				CLANG_WARN_EMPTY_BODY = YES;
				CLANG_WARN_ENUM_CONVERSION = YES;
				CLANG_WARN_INFINITE_RECURSION = YES;
				CLANG_WARN_INT_CONVERSION = YES;
				CLANG_WARN_NON_LITERAL_NULL_CONVERSION = YES;
				CLANG_WARN_OBJC_IMPLICIT_RETAIN_SELF = YES;
				CLANG_WARN_OBJC_LITERAL_CONVERSION = YES;
				CLANG_WARN_OBJC_ROOT_CLASS = YES_ERROR;
				CLANG_WARN_RANGE_LOOP_ANALYSIS = YES;
				CLANG_WARN_STRICT_PROTOTYPES = YES;
				CLANG_WARN_SUSPICIOUS_MOVE = YES;
				CLANG_WARN_UNGUARDED_AVAILABILITY = YES_AGGRESSIVE;
				CLANG_WARN_UNREACHABLE_CODE = YES;
				CLANG_WARN__DUPLICATE_METHOD_MATCH = YES;
				CODE_SIGN_IDENTITY = "iPhone Developer";
				COPY_PHASE_STRIP = NO;
				DEBUG_INFORMATION_FORMAT = "dwarf-with-dsym";
				ENABLE_NS_ASSERTIONS = NO;
				ENABLE_STRICT_OBJC_MSGSEND = YES;
				GCC_C_LANGUAGE_STANDARD = gnu11;
				GCC_NO_COMMON_BLOCKS = YES;
				GCC_WARN_64_TO_32_BIT_CONVERSION = YES;
				GCC_WARN_ABOUT_RETURN_TYPE = YES_ERROR;
				GCC_WARN_UNDECLARED_SELECTOR = YES;
				GCC_WARN_UNINITIALIZED_AUTOS = YES_AGGRESSIVE;
				GCC_WARN_UNUSED_FUNCTION = YES;
				GCC_WARN_UNUSED_VARIABLE = YES;
				IPHONEOS_DEPLOYMENT_TARGET = 12.1;
				MTL_ENABLE_DEBUG_INFO = NO;
				MTL_FAST_MATH = YES;
				SDKROOT = iphoneos;
				SWIFT_COMPILATION_MODE = wholemodule;
				SWIFT_OPTIMIZATION_LEVEL = "-O";
				VALIDATE_PRODUCT = YES;
			};
			name = Release;
		};
		C2E8ADCC21E3059600404BF5 /* Debug */ = {
			isa = XCBuildConfiguration;
			buildSettings = {
				ASSETCATALOG_COMPILER_APPICON_NAME = AppIcon;
				CODE_SIGN_STYLE = Automatic;
				DEVELOPMENT_TEAM = J2WX5LW4CC;
				INFOPLIST_FILE = VideoTrimmer/Info.plist;
				IPHONEOS_DEPLOYMENT_TARGET = 12;
				LD_RUNPATH_SEARCH_PATHS = (
					"$(inherited)",
					"@executable_path/Frameworks",
				);
				PRODUCT_BUNDLE_IDENTIFIER = com.kakao.VideoTrimmer;
				PRODUCT_NAME = "$(TARGET_NAME)";
				SWIFT_VERSION = 4.2;
				TARGETED_DEVICE_FAMILY = "1,2";
			};
			name = Debug;
		};
		C2E8ADCD21E3059600404BF5 /* Release */ = {
			isa = XCBuildConfiguration;
			buildSettings = {
				ASSETCATALOG_COMPILER_APPICON_NAME = AppIcon;
				CODE_SIGN_STYLE = Automatic;
				DEVELOPMENT_TEAM = J2WX5LW4CC;
				INFOPLIST_FILE = VideoTrimmer/Info.plist;
				IPHONEOS_DEPLOYMENT_TARGET = 12;
				LD_RUNPATH_SEARCH_PATHS = (
					"$(inherited)",
					"@executable_path/Frameworks",
				);
				PRODUCT_BUNDLE_IDENTIFIER = com.kakao.VideoTrimmer;
				PRODUCT_NAME = "$(TARGET_NAME)";
				SWIFT_VERSION = 4.2;
				TARGETED_DEVICE_FAMILY = "1,2";
			};
			name = Release;
		};
		C2E8ADCF21E3059600404BF5 /* Debug */ = {
			isa = XCBuildConfiguration;
			buildSettings = {
				ALWAYS_EMBED_SWIFT_STANDARD_LIBRARIES = YES;
				BUNDLE_LOADER = "$(TEST_HOST)";
				CODE_SIGN_STYLE = Automatic;
				INFOPLIST_FILE = VideoTrimmerTests/Info.plist;
				LD_RUNPATH_SEARCH_PATHS = (
					"$(inherited)",
					"@executable_path/Frameworks",
					"@loader_path/Frameworks",
				);
				PRODUCT_BUNDLE_IDENTIFIER = com.kakao.VideoTrimmerTests;
				PRODUCT_NAME = "$(TARGET_NAME)";
				SWIFT_VERSION = 4.2;
				TARGETED_DEVICE_FAMILY = "1,2";
				TEST_HOST = "$(BUILT_PRODUCTS_DIR)/VideoTrimmer.app/VideoTrimmer";
			};
			name = Debug;
		};
		C2E8ADD021E3059600404BF5 /* Release */ = {
			isa = XCBuildConfiguration;
			buildSettings = {
				ALWAYS_EMBED_SWIFT_STANDARD_LIBRARIES = YES;
				BUNDLE_LOADER = "$(TEST_HOST)";
				CODE_SIGN_STYLE = Automatic;
				INFOPLIST_FILE = VideoTrimmerTests/Info.plist;
				LD_RUNPATH_SEARCH_PATHS = (
					"$(inherited)",
					"@executable_path/Frameworks",
					"@loader_path/Frameworks",
				);
				PRODUCT_BUNDLE_IDENTIFIER = com.kakao.VideoTrimmerTests;
				PRODUCT_NAME = "$(TARGET_NAME)";
				SWIFT_VERSION = 4.2;
				TARGETED_DEVICE_FAMILY = "1,2";
				TEST_HOST = "$(BUILT_PRODUCTS_DIR)/VideoTrimmer.app/VideoTrimmer";
			};
			name = Release;
		};
/* End XCBuildConfiguration section */

/* Begin XCConfigurationList section */
		C2E8ADA921E3059500404BF5 /* Build configuration list for PBXProject "VideoTrimmer" */ = {
			isa = XCConfigurationList;
			buildConfigurations = (
				C2E8ADC921E3059600404BF5 /* Debug */,
				C2E8ADCA21E3059600404BF5 /* Release */,
			);
			defaultConfigurationIsVisible = 0;
			defaultConfigurationName = Release;
		};
		C2E8ADCB21E3059600404BF5 /* Build configuration list for PBXNativeTarget "VideoTrimmer" */ = {
			isa = XCConfigurationList;
			buildConfigurations = (
				C2E8ADCC21E3059600404BF5 /* Debug */,
				C2E8ADCD21E3059600404BF5 /* Release */,
			);
			defaultConfigurationIsVisible = 0;
			defaultConfigurationName = Release;
		};
		C2E8ADCE21E3059600404BF5 /* Build configuration list for PBXNativeTarget "VideoTrimmerTests" */ = {
			isa = XCConfigurationList;
			buildConfigurations = (
				C2E8ADCF21E3059600404BF5 /* Debug */,
				C2E8ADD021E3059600404BF5 /* Release */,
			);
			defaultConfigurationIsVisible = 0;
			defaultConfigurationName = Release;
		};
/* End XCConfigurationList section */
	};
	rootObject = C2E8ADA621E3059500404BF5 /* Project object */;
}
